
Microsoft Visual Studio Solution File, Format Version 12.00
# Visual Studio Version 17
VisualStudioVersion = 17.6.33829.357
MinimumVisualStudioVersion = 10.0.40219.1
Project("{FAE04EC0-301F-11D3-BF4B-00C04F79EFBC}") = "Car_Gaming_C#", "Car_Gaming_C#\Car_Gaming_C#.csproj", "{52A6AB43-4C8D-407B-8DD0-B2585FDD58D5}"
EndProject
Global
	GlobalSection(SolutionConfigurationPlatforms) = preSolution
		Debug|Any CPU = Debug|Any CPU
		Release|Any CPU = Release|Any CPU
	EndGlobalSection
	GlobalSection(ProjectConfigurationPlatforms) = postSolution
		{52A6AB43-4C8D-407B-8DD0-B2585FDD58D5}.Debug|Any CPU.ActiveCfg = Debug|Any CPU
		{52A6AB43-4C8D-407B-8DD0-B2585FDD58D5}.Debug|Any CPU.Build.0 = Debug|Any CPU
		{52A6AB43-4C8D-407B-8DD0-B2585FDD58D5}.Release|Any CPU.ActiveCfg = Release|Any CPU
		{52A6AB43-4C8D-407B-8DD0-B2585FDD58D5}.Release|Any CPU.Build.0 = Release|Any CPU
	EndGlobalSection
	GlobalSection(SolutionProperties) = preSolution
		HideSolutionNode = FALSE
	EndGlobalSection
	GlobalSection(ExtensibilityGlobals) = postSolution
		SolutionGuid = {19A79EE7-11C7-4AD8-9DBE-E303C3B08655}
	EndGlobalSection
EndGlobal
